
Microsoft Visual Studio Solution File, Format Version 12.00
# Visual Studio Version 17
VisualStudioVersion = 17.11.35222.181
MinimumVisualStudioVersion = 10.0.40219.1
Project("{FAE04EC0-301F-11D3-BF4B-00C04F79EFBC}") = "cw01", "cw01\cw01.csproj", "{AD1E600F-8234-4552-8ED8-F9ED4DC0A769}"
EndProject
Global
	GlobalSection(SolutionConfigurationPlatforms) = preSolution
		Debug|Any CPU = Debug|Any CPU
		Release|Any CPU = Release|Any CPU
	EndGlobalSection
	GlobalSection(ProjectConfigurationPlatforms) = postSolution
		{AD1E600F-8234-4552-8ED8-F9ED4DC0A769}.Debug|Any CPU.ActiveCfg = Debug|Any CPU
		{AD1E600F-8234-4552-8ED8-F9ED4DC0A769}.Debug|Any CPU.Build.0 = Debug|Any CPU
		{AD1E600F-8234-4552-8ED8-F9ED4DC0A769}.Release|Any CPU.ActiveCfg = Release|Any CPU
		{AD1E600F-8234-4552-8ED8-F9ED4DC0A769}.Release|Any CPU.Build.0 = Release|Any CPU
	EndGlobalSection
	GlobalSection(SolutionProperties) = preSolution
		HideSolutionNode = FALSE
	EndGlobalSection
	GlobalSection(ExtensibilityGlobals) = postSolution
		SolutionGuid = {84527469-5371-45D5-BF08-54406F8F439E}
	EndGlobalSection
EndGlobal
